
Microsoft Visual Studio Solution File, Format Version 12.00
# Visual Studio Version 16
VisualStudioVersion = 16.0.31321.278
MinimumVisualStudioVersion = 10.0.40219.1
Project("{FAE04EC0-301F-11D3-BF4B-00C04F79EFBC}") = "ManageEmployeeContacts", "ManageEmployeeContacts\ManageEmployeeContacts.csproj", "{6C3F2FE7-85D2-483F-A6C7-0EDB8E877719}"
EndProject
Global
	GlobalSection(SolutionConfigurationPlatforms) = preSolution
		Debug|Any CPU = Debug|Any CPU
		Release|Any CPU = Release|Any CPU
	EndGlobalSection
	GlobalSection(ProjectConfigurationPlatforms) = postSolution
		{6C3F2FE7-85D2-483F-A6C7-0EDB8E877719}.Debug|Any CPU.ActiveCfg = Debug|Any CPU
		{6C3F2FE7-85D2-483F-A6C7-0EDB8E877719}.Debug|Any CPU.Build.0 = Debug|Any CPU
		{6C3F2FE7-85D2-483F-A6C7-0EDB8E877719}.Release|Any CPU.ActiveCfg = Release|Any CPU
		{6C3F2FE7-85D2-483F-A6C7-0EDB8E877719}.Release|Any CPU.Build.0 = Release|Any CPU
	EndGlobalSection
	GlobalSection(SolutionProperties) = preSolution
		HideSolutionNode = FALSE
	EndGlobalSection
	GlobalSection(ExtensibilityGlobals) = postSolution
		SolutionGuid = {780E6FEE-BC6D-4926-916C-4F3ABFF5DC62}
	EndGlobalSection
EndGlobal
